
Microsoft Visual Studio Solution File, Format Version 12.00
# Visual Studio 2012
Project("{FAE04EC0-301F-11D3-BF4B-00C04F79EFBC}") = "JudgeService", "JudgeService\JudgeService.csproj", "{C2E4229A-93D9-4188-8B72-3570302033E3}"
EndProject
Project("{FAE04EC0-301F-11D3-BF4B-00C04F79EFBC}") = "Definition", "Definition\Definition.csproj", "{D6A6339A-8870-4978-9AA7-40ED70C6723E}"
EndProject
Project("{FAE04EC0-301F-11D3-BF4B-00C04F79EFBC}") = "Judger", "Judger\Judger.csproj", "{4CC5B2AA-6DB5-4D41-9A65-A8090A1FE1C0}"
EndProject
Project("{FAE04EC0-301F-11D3-BF4B-00C04F79EFBC}") = "Fetcher", "TaskFetcher\Fetcher.csproj", "{A6F7F726-844C-4518-A8BD-B0FB132F7111}"
EndProject
Project("{FAE04EC0-301F-11D3-BF4B-00C04F79EFBC}") = "Burst", "..\BurstFor2.0\Burst\Burst.csproj", "{124E1B7C-EC4C-4E6A-BDA4-3FCB0AEEF18B}"
EndProject
Project("{FAE04EC0-301F-11D3-BF4B-00C04F79EFBC}") = "ICSharpCode.SharpZLib", "..\..\..\..\develop\SharpZipLib\src\ICSharpCode.SharpZLib.csproj", "{0E7413FF-EB9E-4714-ACF2-BE3A6A7B2FFD}"
EndProject
Project("{FAE04EC0-301F-11D3-BF4B-00C04F79EFBC}") = "MainTest", "MainTest\MainTest.csproj", "{8E8C1A1C-E88C-4602-A2B1-4EDB8473C807}"
EndProject
Project("{FAE04EC0-301F-11D3-BF4B-00C04F79EFBC}") = "TestJudger", "TestJudger\TestJudger.csproj", "{925D4BD8-FB0B-4B1F-B02D-313AB8C25786}"
EndProject
Project("{FAE04EC0-301F-11D3-BF4B-00C04F79EFBC}") = "NUniversalCharDet", "..\..\..\..\develop\uchardetdotnet\NUniversalCharDet\NUniversalCharDet.csproj", "{D18F01CA-AF1A-476F-8667-52526A31B118}"
EndProject
Global
	GlobalSection(SolutionConfigurationPlatforms) = preSolution
		Debug|Any CPU = Debug|Any CPU
		Release|Any CPU = Release|Any CPU
	EndGlobalSection
	GlobalSection(ProjectConfigurationPlatforms) = postSolution
		{C2E4229A-93D9-4188-8B72-3570302033E3}.Debug|Any CPU.ActiveCfg = Debug|Any CPU
		{C2E4229A-93D9-4188-8B72-3570302033E3}.Debug|Any CPU.Build.0 = Debug|Any CPU
		{C2E4229A-93D9-4188-8B72-3570302033E3}.Release|Any CPU.ActiveCfg = Release|Any CPU
		{C2E4229A-93D9-4188-8B72-3570302033E3}.Release|Any CPU.Build.0 = Release|Any CPU
		{D6A6339A-8870-4978-9AA7-40ED70C6723E}.Debug|Any CPU.ActiveCfg = Debug|Any CPU
		{D6A6339A-8870-4978-9AA7-40ED70C6723E}.Debug|Any CPU.Build.0 = Debug|Any CPU
		{D6A6339A-8870-4978-9AA7-40ED70C6723E}.Release|Any CPU.ActiveCfg = Release|Any CPU
		{D6A6339A-8870-4978-9AA7-40ED70C6723E}.Release|Any CPU.Build.0 = Release|Any CPU
		{4CC5B2AA-6DB5-4D41-9A65-A8090A1FE1C0}.Debug|Any CPU.ActiveCfg = Debug|Any CPU
		{4CC5B2AA-6DB5-4D41-9A65-A8090A1FE1C0}.Debug|Any CPU.Build.0 = Debug|Any CPU
		{4CC5B2AA-6DB5-4D41-9A65-A8090A1FE1C0}.Release|Any CPU.ActiveCfg = Release|Any CPU
		{4CC5B2AA-6DB5-4D41-9A65-A8090A1FE1C0}.Release|Any CPU.Build.0 = Release|Any CPU
		{A6F7F726-844C-4518-A8BD-B0FB132F7111}.Debug|Any CPU.ActiveCfg = Debug|Any CPU
		{A6F7F726-844C-4518-A8BD-B0FB132F7111}.Debug|Any CPU.Build.0 = Debug|Any CPU
		{A6F7F726-844C-4518-A8BD-B0FB132F7111}.Release|Any CPU.ActiveCfg = Release|Any CPU
		{A6F7F726-844C-4518-A8BD-B0FB132F7111}.Release|Any CPU.Build.0 = Release|Any CPU
		{124E1B7C-EC4C-4E6A-BDA4-3FCB0AEEF18B}.Debug|Any CPU.ActiveCfg = Debug|Any CPU
		{124E1B7C-EC4C-4E6A-BDA4-3FCB0AEEF18B}.Debug|Any CPU.Build.0 = Debug|Any CPU
		{124E1B7C-EC4C-4E6A-BDA4-3FCB0AEEF18B}.Release|Any CPU.ActiveCfg = Release|Any CPU
		{124E1B7C-EC4C-4E6A-BDA4-3FCB0AEEF18B}.Release|Any CPU.Build.0 = Release|Any CPU
		{0E7413FF-EB9E-4714-ACF2-BE3A6A7B2FFD}.Debug|Any CPU.ActiveCfg = Debug|Any CPU
		{0E7413FF-EB9E-4714-ACF2-BE3A6A7B2FFD}.Debug|Any CPU.Build.0 = Debug|Any CPU
		{0E7413FF-EB9E-4714-ACF2-BE3A6A7B2FFD}.Release|Any CPU.ActiveCfg = Release|Any CPU
		{0E7413FF-EB9E-4714-ACF2-BE3A6A7B2FFD}.Release|Any CPU.Build.0 = Release|Any CPU
		{8E8C1A1C-E88C-4602-A2B1-4EDB8473C807}.Debug|Any CPU.ActiveCfg = Debug|Any CPU
		{8E8C1A1C-E88C-4602-A2B1-4EDB8473C807}.Debug|Any CPU.Build.0 = Debug|Any CPU
		{8E8C1A1C-E88C-4602-A2B1-4EDB8473C807}.Release|Any CPU.ActiveCfg = Release|Any CPU
		{8E8C1A1C-E88C-4602-A2B1-4EDB8473C807}.Release|Any CPU.Build.0 = Release|Any CPU
		{925D4BD8-FB0B-4B1F-B02D-313AB8C25786}.Debug|Any CPU.ActiveCfg = Debug|Any CPU
		{925D4BD8-FB0B-4B1F-B02D-313AB8C25786}.Debug|Any CPU.Build.0 = Debug|Any CPU
		{925D4BD8-FB0B-4B1F-B02D-313AB8C25786}.Release|Any CPU.ActiveCfg = Release|Any CPU
		{925D4BD8-FB0B-4B1F-B02D-313AB8C25786}.Release|Any CPU.Build.0 = Release|Any CPU
		{D18F01CA-AF1A-476F-8667-52526A31B118}.Debug|Any CPU.ActiveCfg = Debug|Any CPU
		{D18F01CA-AF1A-476F-8667-52526A31B118}.Debug|Any CPU.Build.0 = Debug|Any CPU
		{D18F01CA-AF1A-476F-8667-52526A31B118}.Release|Any CPU.ActiveCfg = Release|Any CPU
		{D18F01CA-AF1A-476F-8667-52526A31B118}.Release|Any CPU.Build.0 = Release|Any CPU
	EndGlobalSection
	GlobalSection(SolutionProperties) = preSolution
		HideSolutionNode = FALSE
	EndGlobalSection
EndGlobal
